
Microsoft Visual Studio Solution File, Format Version 12.00
# Visual Studio Version 16
VisualStudioVersion = 16.0.808.10
MinimumVisualStudioVersion = 10.0.40219.1
Project("{FAE04EC0-301F-11D3-BF4B-00C04F79EFBC}") = "WebsocketGist", "WebsocketGist\WebsocketGist.csproj", "{C2331F88-A9AC-4D67-88BB-0645C169BC19}"
EndProject
Global
	GlobalSection(SolutionConfigurationPlatforms) = preSolution
		Debug|Any CPU = Debug|Any CPU
		Release|Any CPU = Release|Any CPU
	EndGlobalSection
	GlobalSection(ProjectConfigurationPlatforms) = postSolution
		{C2331F88-A9AC-4D67-88BB-0645C169BC19}.Debug|Any CPU.ActiveCfg = Debug|Any CPU
		{C2331F88-A9AC-4D67-88BB-0645C169BC19}.Debug|Any CPU.Build.0 = Debug|Any CPU
		{C2331F88-A9AC-4D67-88BB-0645C169BC19}.Release|Any CPU.ActiveCfg = Release|Any CPU
		{C2331F88-A9AC-4D67-88BB-0645C169BC19}.Release|Any CPU.Build.0 = Release|Any CPU
	EndGlobalSection
	GlobalSection(SolutionProperties) = preSolution
		HideSolutionNode = FALSE
	EndGlobalSection
	GlobalSection(ExtensibilityGlobals) = postSolution
		SolutionGuid = {2A353EA2-00A1-4BD1-9536-49CBCBC95B12}
	EndGlobalSection
EndGlobal
